
Microsoft Visual Studio Solution File, Format Version 12.00
# Visual Studio 15
VisualStudioVersion = 15.0.26228.57
MinimumVisualStudioVersion = 10.0.40219.1
Project("{FAE04EC0-301F-11D3-BF4B-00C04F79EFBC}") = "DelinquencyRiskDashboard", "DelinquencyRiskDashboard.csproj", "{60CAEA1A-DF79-45A5-AFBC-3A134F5704FA}"
EndProject
Project("{2150E333-8FDC-42A3-9474-1A3956D46DE8}") = "Solution Items", "Solution Items", "{32574489-B940-43F3-ACEB-19CDFE928035}"
EndProject
Project("{2150E333-8FDC-42A3-9474-1A3956D46DE8}") = "HelpDocumentation", "HelpDocumentation", "{5C0903C8-6E37-4C6E-9BA8-ECB2787F3F81}"
	ProjectSection(SolutionItems) = preProject
		..\HelpDocumentation\architecture-view-components.htm = ..\HelpDocumentation\architecture-view-components.htm
		..\HelpDocumentation\burt-tables.htm = ..\HelpDocumentation\burt-tables.htm
		..\HelpDocumentation\ca-architecture-conceptual.html = ..\HelpDocumentation\ca-architecture-conceptual.html
		..\HelpDocumentation\ca-general-purpose.htm = ..\HelpDocumentation\ca-general-purpose.htm
		..\HelpDocumentation\ca-mass-inertia-eigenvalues.htm = ..\HelpDocumentation\ca-mass-inertia-eigenvalues.htm
		..\HelpDocumentation\ca-overview.htm = ..\HelpDocumentation\ca-overview.htm
		..\HelpDocumentation\ca-supplementary-points.htm = ..\HelpDocumentation\ca-supplementary-points.htm
		..\HelpDocumentation\Cross-Cutting-Concerns.docx = ..\HelpDocumentation\Cross-Cutting-Concerns.docx
		..\HelpDocumentation\DeepThought-Architecture-V0.JPG = ..\HelpDocumentation\DeepThought-Architecture-V0.JPG
		..\HelpDocumentation\DeepThought.Architecture.Views.1.JPG = ..\HelpDocumentation\DeepThought.Architecture.Views.1.JPG
		..\HelpDocumentation\DeepThought.Architecture.Views.2.jpg = ..\HelpDocumentation\DeepThought.Architecture.Views.2.jpg
		..\HelpDocumentation\DeepThought.Architecture.Views.2.png = ..\HelpDocumentation\DeepThought.Architecture.Views.2.png
		..\HelpDocumentation\DeepThought.Architecture.Views.uxf = ..\HelpDocumentation\DeepThought.Architecture.Views.uxf
		..\HelpDocumentation\DeepThoughtHelp.chm = ..\HelpDocumentation\DeepThoughtHelp.chm
		..\HelpDocumentation\DeepThoughtHelp.chw = ..\HelpDocumentation\DeepThoughtHelp.chw
		..\HelpDocumentation\DeepThoughtHelp.hhp = ..\HelpDocumentation\DeepThoughtHelp.hhp
		..\HelpDocumentation\index.hhk = ..\HelpDocumentation\index.hhk
		..\HelpDocumentation\multiple-correspondence-analysis.htm = ..\HelpDocumentation\multiple-correspondence-analysis.htm
		..\HelpDocumentation\toc.hhc = ..\HelpDocumentation\toc.hhc
	EndProjectSection
EndProject
Project("{FAE04EC0-301F-11D3-BF4B-00C04F79EFBC}") = "TextPDF", "TextPDFLib\TextPDF.csproj", "{B1AF05CB-C503-4677-9EDA-D7C3CF4F147D}"
EndProject
Global
	GlobalSection(SolutionConfigurationPlatforms) = preSolution
		Debug|Any CPU = Debug|Any CPU
		Release|Any CPU = Release|Any CPU
	EndGlobalSection
	GlobalSection(ProjectConfigurationPlatforms) = postSolution
		{60CAEA1A-DF79-45A5-AFBC-3A134F5704FA}.Debug|Any CPU.ActiveCfg = Debug|Any CPU
		{60CAEA1A-DF79-45A5-AFBC-3A134F5704FA}.Debug|Any CPU.Build.0 = Debug|Any CPU
		{60CAEA1A-DF79-45A5-AFBC-3A134F5704FA}.Release|Any CPU.ActiveCfg = Release|Any CPU
		{60CAEA1A-DF79-45A5-AFBC-3A134F5704FA}.Release|Any CPU.Build.0 = Release|Any CPU
		{B1AF05CB-C503-4677-9EDA-D7C3CF4F147D}.Debug|Any CPU.ActiveCfg = Debug|Any CPU
		{B1AF05CB-C503-4677-9EDA-D7C3CF4F147D}.Debug|Any CPU.Build.0 = Debug|Any CPU
		{B1AF05CB-C503-4677-9EDA-D7C3CF4F147D}.Release|Any CPU.ActiveCfg = Release|Any CPU
		{B1AF05CB-C503-4677-9EDA-D7C3CF4F147D}.Release|Any CPU.Build.0 = Release|Any CPU
	EndGlobalSection
	GlobalSection(SolutionProperties) = preSolution
		HideSolutionNode = FALSE
	EndGlobalSection
	GlobalSection(ExtensibilityGlobals) = postSolution
		SolutionGuid = {5D0D28D1-7D96-45FA-B2C3-CF54C0A319A2}
	EndGlobalSection
EndGlobal
